
Microsoft Visual Studio Solution File, Format Version 12.00
# Visual Studio Version 17
VisualStudioVersion = 17.5.002.0
MinimumVisualStudioVersion = 10.0.40219.1
Project("{9A19103F-16F7-4668-BE54-9A1E7A4F7556}") = "MAUIApplication", "MAUIApplication.csproj", "{E424B78A-B3A5-4B82-98DA-BAD48D24D80C}"
EndProject
Global
	GlobalSection(SolutionConfigurationPlatforms) = preSolution
		Debug|Any CPU = Debug|Any CPU
		Release|Any CPU = Release|Any CPU
	EndGlobalSection
	GlobalSection(ProjectConfigurationPlatforms) = postSolution
		{E424B78A-B3A5-4B82-98DA-BAD48D24D80C}.Debug|Any CPU.ActiveCfg = Debug|Any CPU
		{E424B78A-B3A5-4B82-98DA-BAD48D24D80C}.Debug|Any CPU.Build.0 = Debug|Any CPU
		{E424B78A-B3A5-4B82-98DA-BAD48D24D80C}.Release|Any CPU.ActiveCfg = Release|Any CPU
		{E424B78A-B3A5-4B82-98DA-BAD48D24D80C}.Release|Any CPU.Build.0 = Release|Any CPU
	EndGlobalSection
	GlobalSection(SolutionProperties) = preSolution
		HideSolutionNode = FALSE
	EndGlobalSection
	GlobalSection(ExtensibilityGlobals) = postSolution
		SolutionGuid = {F33F94CA-5632-4BCB-B5E2-AA452FE755BE}
	EndGlobalSection
EndGlobal
